
Microsoft Visual Studio Solution File, Format Version 12.00
# Visual Studio Version 17
VisualStudioVersion = 17.9.34723.18
MinimumVisualStudioVersion = 10.0.40219.1
Project("{FAE04EC0-301F-11D3-BF4B-00C04F79EFBC}") = "TaxFiler.Server", "TaxFiler.Server\TaxFiler.Server.csproj", "{15105C02-BDAE-4B90-A251-D6DEFADA061F}"
EndProject
Project("{54A90642-561A-4BB1-A94E-469ADEE60C69}") = "taxfiler.client", "taxfiler.client\taxfiler.client.esproj", "{A4D88908-A81A-45D5-A7EA-9F7539900CA0}"
EndProject
Project("{2150E333-8FDC-42A3-9474-1A3956D46DE8}") = "buildfiles", "buildfiles", "{B0C92794-B2E3-4CC8-B833-72AA1A56976E}"
	ProjectSection(SolutionItems) = preProject
		.github\workflows\azure-webapps-dotnet-core.yml = .github\workflows\azure-webapps-dotnet-core.yml
	EndProjectSection
EndProject
Global
	GlobalSection(SolutionConfigurationPlatforms) = preSolution
		Debug|Any CPU = Debug|Any CPU
		Release|Any CPU = Release|Any CPU
	EndGlobalSection
	GlobalSection(ProjectConfigurationPlatforms) = postSolution
		{15105C02-BDAE-4B90-A251-D6DEFADA061F}.Debug|Any CPU.ActiveCfg = Debug|Any CPU
		{15105C02-BDAE-4B90-A251-D6DEFADA061F}.Debug|Any CPU.Build.0 = Debug|Any CPU
		{15105C02-BDAE-4B90-A251-D6DEFADA061F}.Release|Any CPU.ActiveCfg = Release|Any CPU
		{15105C02-BDAE-4B90-A251-D6DEFADA061F}.Release|Any CPU.Build.0 = Release|Any CPU
		{A4D88908-A81A-45D5-A7EA-9F7539900CA0}.Debug|Any CPU.ActiveCfg = Debug|Any CPU
		{A4D88908-A81A-45D5-A7EA-9F7539900CA0}.Debug|Any CPU.Build.0 = Debug|Any CPU
		{A4D88908-A81A-45D5-A7EA-9F7539900CA0}.Debug|Any CPU.Deploy.0 = Debug|Any CPU
		{A4D88908-A81A-45D5-A7EA-9F7539900CA0}.Release|Any CPU.ActiveCfg = Release|Any CPU
		{A4D88908-A81A-45D5-A7EA-9F7539900CA0}.Release|Any CPU.Build.0 = Release|Any CPU
		{A4D88908-A81A-45D5-A7EA-9F7539900CA0}.Release|Any CPU.Deploy.0 = Release|Any CPU
	EndGlobalSection
	GlobalSection(SolutionProperties) = preSolution
		HideSolutionNode = FALSE
	EndGlobalSection
	GlobalSection(ExtensibilityGlobals) = postSolution
		SolutionGuid = {2FCB18AA-DE47-41A4-A980-C0BB29871260}
	EndGlobalSection
EndGlobal
