
Microsoft Visual Studio Solution File, Format Version 12.00
# Visual Studio Version 17
VisualStudioVersion = 17.9.34723.18
MinimumVisualStudioVersion = 10.0.40219.1
Project("{FAE04EC0-301F-11D3-BF4B-00C04F79EFBC}") = "TaxFiler.Server", "TaxFiler.Server\TaxFiler.Server.csproj", "{15105C02-BDAE-4B90-A251-D6DEFADA061F}"
EndProject
Project("{54A90642-561A-4BB1-A94E-469ADEE60C69}") = "taxfiler.client", "taxfiler.client\taxfiler.client.esproj", "{A4D88908-A81A-45D5-A7EA-9F7539900CA0}"
EndProject
Project("{2150E333-8FDC-42A3-9474-1A3956D46DE8}") = "buildfiles", "buildfiles", "{B0C92794-B2E3-4CC8-B833-72AA1A56976E}"
	ProjectSection(SolutionItems) = preProject
		.github\workflows\azure-webapps-dotnet-core.yml = .github\workflows\azure-webapps-dotnet-core.yml
		Directory.Packages.props = Directory.Packages.props
		Directory.Build.props = Directory.Build.props
	EndProjectSection
EndProject
Project("{FAE04EC0-301F-11D3-BF4B-00C04F79EFBC}") = "LlamaIndex.Core", "LlamaIndex.Core\LlamaIndex.Core.csproj", "{EA22216D-18D6-449E-98E0-C7F0C053666D}"
EndProject
Project("{FAE04EC0-301F-11D3-BF4B-00C04F79EFBC}") = "LlamaParse", "LlamaParse\LlamaParse.csproj", "{F31CBD8D-1E65-4CF6-AF45-FF862C10C34E}"
EndProject
Project("{FAE04EC0-301F-11D3-BF4B-00C04F79EFBC}") = "TaxFiler.DB", "TaxFiler.DB\TaxFiler.DB.csproj", "{9846E984-5FC0-477E-8D86-340D3F67C6DC}"
EndProject
Project("{FAE04EC0-301F-11D3-BF4B-00C04F79EFBC}") = "TaxFiler.Model", "TaxFiler.Model\TaxFiler.Model.csproj", "{C8A247EF-B87D-4DCB-BD5F-38F8C7EFA28B}"
EndProject
Project("{FAE04EC0-301F-11D3-BF4B-00C04F79EFBC}") = "TaxFiler.Service", "TaxFiler.Service\TaxFiler.Service.csproj", "{5757C6B5-797F-48F4-B924-B2ACC03CEA4E}"
EndProject
Project("{FAE04EC0-301F-11D3-BF4B-00C04F79EFBC}") = "TaxFiler.Service.Test", "TaxFiler.Service.Test\TaxFiler.Service.Test.csproj", "{D1301331-87E4-4C4E-B181-4C1A2EED3E78}"
EndProject
Global
	GlobalSection(SolutionConfigurationPlatforms) = preSolution
		Debug|Any CPU = Debug|Any CPU
		Release|Any CPU = Release|Any CPU
	EndGlobalSection
	GlobalSection(ProjectConfigurationPlatforms) = postSolution
		{15105C02-BDAE-4B90-A251-D6DEFADA061F}.Debug|Any CPU.ActiveCfg = Debug|Any CPU
		{15105C02-BDAE-4B90-A251-D6DEFADA061F}.Debug|Any CPU.Build.0 = Debug|Any CPU
		{15105C02-BDAE-4B90-A251-D6DEFADA061F}.Release|Any CPU.ActiveCfg = Release|Any CPU
		{15105C02-BDAE-4B90-A251-D6DEFADA061F}.Release|Any CPU.Build.0 = Release|Any CPU
		{A4D88908-A81A-45D5-A7EA-9F7539900CA0}.Debug|Any CPU.ActiveCfg = Debug|Any CPU
		{A4D88908-A81A-45D5-A7EA-9F7539900CA0}.Debug|Any CPU.Build.0 = Debug|Any CPU
		{A4D88908-A81A-45D5-A7EA-9F7539900CA0}.Debug|Any CPU.Deploy.0 = Debug|Any CPU
		{A4D88908-A81A-45D5-A7EA-9F7539900CA0}.Release|Any CPU.ActiveCfg = Release|Any CPU
		{A4D88908-A81A-45D5-A7EA-9F7539900CA0}.Release|Any CPU.Build.0 = Release|Any CPU
		{A4D88908-A81A-45D5-A7EA-9F7539900CA0}.Release|Any CPU.Deploy.0 = Release|Any CPU
		{EA22216D-18D6-449E-98E0-C7F0C053666D}.Debug|Any CPU.ActiveCfg = Debug|Any CPU
		{EA22216D-18D6-449E-98E0-C7F0C053666D}.Debug|Any CPU.Build.0 = Debug|Any CPU
		{EA22216D-18D6-449E-98E0-C7F0C053666D}.Release|Any CPU.ActiveCfg = Release|Any CPU
		{EA22216D-18D6-449E-98E0-C7F0C053666D}.Release|Any CPU.Build.0 = Release|Any CPU
		{F31CBD8D-1E65-4CF6-AF45-FF862C10C34E}.Debug|Any CPU.ActiveCfg = Debug|x64
		{F31CBD8D-1E65-4CF6-AF45-FF862C10C34E}.Debug|Any CPU.Build.0 = Debug|x64
		{F31CBD8D-1E65-4CF6-AF45-FF862C10C34E}.Release|Any CPU.ActiveCfg = Release|x64
		{F31CBD8D-1E65-4CF6-AF45-FF862C10C34E}.Release|Any CPU.Build.0 = Release|x64
		{9846E984-5FC0-477E-8D86-340D3F67C6DC}.Debug|Any CPU.ActiveCfg = Debug|x64
		{9846E984-5FC0-477E-8D86-340D3F67C6DC}.Debug|Any CPU.Build.0 = Debug|x64
		{9846E984-5FC0-477E-8D86-340D3F67C6DC}.Release|Any CPU.ActiveCfg = Release|x64
		{9846E984-5FC0-477E-8D86-340D3F67C6DC}.Release|Any CPU.Build.0 = Release|x64
		{C8A247EF-B87D-4DCB-BD5F-38F8C7EFA28B}.Debug|Any CPU.ActiveCfg = Debug|x64
		{C8A247EF-B87D-4DCB-BD5F-38F8C7EFA28B}.Debug|Any CPU.Build.0 = Debug|x64
		{C8A247EF-B87D-4DCB-BD5F-38F8C7EFA28B}.Release|Any CPU.ActiveCfg = Release|x64
		{C8A247EF-B87D-4DCB-BD5F-38F8C7EFA28B}.Release|Any CPU.Build.0 = Release|x64
		{5757C6B5-797F-48F4-B924-B2ACC03CEA4E}.Debug|Any CPU.ActiveCfg = Debug|x64
		{5757C6B5-797F-48F4-B924-B2ACC03CEA4E}.Debug|Any CPU.Build.0 = Debug|x64
		{5757C6B5-797F-48F4-B924-B2ACC03CEA4E}.Release|Any CPU.ActiveCfg = Release|x64
		{5757C6B5-797F-48F4-B924-B2ACC03CEA4E}.Release|Any CPU.Build.0 = Release|x64
		{D1301331-87E4-4C4E-B181-4C1A2EED3E78}.Debug|Any CPU.ActiveCfg = Debug|x64
		{D1301331-87E4-4C4E-B181-4C1A2EED3E78}.Debug|Any CPU.Build.0 = Debug|x64
		{D1301331-87E4-4C4E-B181-4C1A2EED3E78}.Release|Any CPU.ActiveCfg = Release|x64
		{D1301331-87E4-4C4E-B181-4C1A2EED3E78}.Release|Any CPU.Build.0 = Release|x64
	EndGlobalSection
	GlobalSection(SolutionProperties) = preSolution
		HideSolutionNode = FALSE
	EndGlobalSection
	GlobalSection(ExtensibilityGlobals) = postSolution
		SolutionGuid = {2FCB18AA-DE47-41A4-A980-C0BB29871260}
	EndGlobalSection
EndGlobal
